
Microsoft Visual Studio Solution File, Format Version 12.00
# Visual Studio Version 17
VisualStudioVersion = 17.5.33516.290
MinimumVisualStudioVersion = 10.0.40219.1
Project("{FAE04EC0-301F-11D3-BF4B-00C04F79EFBC}") = "ParcialCaso2.API", "ParcialCaso2.API\ParcialCaso2.API.csproj", "{83DF15DD-A917-4E1E-9709-56BBFB0486AB}"
EndProject
Global
	GlobalSection(SolutionConfigurationPlatforms) = preSolution
		Debug|Any CPU = Debug|Any CPU
		Release|Any CPU = Release|Any CPU
	EndGlobalSection
	GlobalSection(ProjectConfigurationPlatforms) = postSolution
		{83DF15DD-A917-4E1E-9709-56BBFB0486AB}.Debug|Any CPU.ActiveCfg = Debug|Any CPU
		{83DF15DD-A917-4E1E-9709-56BBFB0486AB}.Debug|Any CPU.Build.0 = Debug|Any CPU
		{83DF15DD-A917-4E1E-9709-56BBFB0486AB}.Release|Any CPU.ActiveCfg = Release|Any CPU
		{83DF15DD-A917-4E1E-9709-56BBFB0486AB}.Release|Any CPU.Build.0 = Release|Any CPU
	EndGlobalSection
	GlobalSection(SolutionProperties) = preSolution
		HideSolutionNode = FALSE
	EndGlobalSection
	GlobalSection(ExtensibilityGlobals) = postSolution
		SolutionGuid = {B331FD0F-5EA4-412C-B86F-2F23F4C63A6B}
	EndGlobalSection
EndGlobal
